
Microsoft Visual Studio Solution File, Format Version 12.00
# Visual Studio Version 17
VisualStudioVersion = 17.9.34723.18
MinimumVisualStudioVersion = 10.0.40219.1
Project("{FAE04EC0-301F-11D3-BF4B-00C04F79EFBC}") = "Demo", "Demo\Demo.csproj", "{ED755555-0ED0-472E-9643-BACCBA60CDFD}"
EndProject
Project("{FAE04EC0-301F-11D3-BF4B-00C04F79EFBC}") = "Textbook System", "Textbook System\Textbook System.csproj", "{55A4E884-46EC-40CB-8082-B7FC1D2926D8}"
EndProject
Global
	GlobalSection(SolutionConfigurationPlatforms) = preSolution
		Debug|Any CPU = Debug|Any CPU
		Release|Any CPU = Release|Any CPU
	EndGlobalSection
	GlobalSection(ProjectConfigurationPlatforms) = postSolution
		{ED755555-0ED0-472E-9643-BACCBA60CDFD}.Debug|Any CPU.ActiveCfg = Debug|Any CPU
		{ED755555-0ED0-472E-9643-BACCBA60CDFD}.Debug|Any CPU.Build.0 = Debug|Any CPU
		{ED755555-0ED0-472E-9643-BACCBA60CDFD}.Release|Any CPU.ActiveCfg = Release|Any CPU
		{ED755555-0ED0-472E-9643-BACCBA60CDFD}.Release|Any CPU.Build.0 = Release|Any CPU
		{55A4E884-46EC-40CB-8082-B7FC1D2926D8}.Debug|Any CPU.ActiveCfg = Debug|Any CPU
		{55A4E884-46EC-40CB-8082-B7FC1D2926D8}.Debug|Any CPU.Build.0 = Debug|Any CPU
		{55A4E884-46EC-40CB-8082-B7FC1D2926D8}.Release|Any CPU.ActiveCfg = Release|Any CPU
		{55A4E884-46EC-40CB-8082-B7FC1D2926D8}.Release|Any CPU.Build.0 = Release|Any CPU
	EndGlobalSection
	GlobalSection(SolutionProperties) = preSolution
		HideSolutionNode = FALSE
	EndGlobalSection
	GlobalSection(ExtensibilityGlobals) = postSolution
		SolutionGuid = {D37A82EB-FC38-49A7-B316-583085CD9B29}
	EndGlobalSection
EndGlobal
